// !$*UTF8*$!
{
	archiveVersion = 1;
	classes = {
	};
	objectVersion = 56;
	objects = {

/* Begin PBXBuildFile section */
		81B4A3902B7DDF35003C3F30 /* WeatherAppApp.swift in Sources */ = {isa = PBXBuildFile; fileRef = 81B4A38F2B7DDF35003C3F30 /* WeatherAppApp.swift */; };
		81B4A3922B7DDF35003C3F30 /* ContentView.swift in Sources */ = {isa = PBXBuildFile; fileRef = 81B4A3912B7DDF35003C3F30 /* ContentView.swift */; };
		81B4A3942B7DDF36003C3F30 /* Assets.xcassets in Resources */ = {isa = PBXBuildFile; fileRef = 81B4A3932B7DDF36003C3F30 /* Assets.xcassets */; };
		81B4A3972B7DDF36003C3F30 /* Preview Assets.xcassets in Resources */ = {isa = PBXBuildFile; fileRef = 81B4A3962B7DDF36003C3F30 /* Preview Assets.xcassets */; };
		81B4A39F2B7DE344003C3F30 /* LocationManager.swift in Sources */ = {isa = PBXBuildFile; fileRef = 81B4A39E2B7DE344003C3F30 /* LocationManager.swift */; };
		81B4A3A22B7DE4DE003C3F30 /* WelcomeView.swift in Sources */ = {isa = PBXBuildFile; fileRef = 81B4A3A12B7DE4DE003C3F30 /* WelcomeView.swift */; };
		81B4A3A42B7DE85B003C3F30 /* LoadingView.swift in Sources */ = {isa = PBXBuildFile; fileRef = 81B4A3A32B7DE85B003C3F30 /* LoadingView.swift */; };
		81B4A3A72B7DF763003C3F30 /* ApiSettings.swift in Sources */ = {isa = PBXBuildFile; fileRef = 81B4A3A62B7DF763003C3F30 /* ApiSettings.swift */; };
		81B4A3A92B7DF871003C3F30 /* WeatherManager.swift in Sources */ = {isa = PBXBuildFile; fileRef = 81B4A3A82B7DF871003C3F30 /* WeatherManager.swift */; };
		81B4A3AB2B7E1C32003C3F30 /* WeatherView.swift in Sources */ = {isa = PBXBuildFile; fileRef = 81B4A3AA2B7E1C32003C3F30 /* WeatherView.swift */; };
		81B4A3AD2B7E1C63003C3F30 /* ModelData.swift in Sources */ = {isa = PBXBuildFile; fileRef = 81B4A3AC2B7E1C63003C3F30 /* ModelData.swift */; };
		81B4A3AF2B7E1D6F003C3F30 /* weatherData.json in Resources */ = {isa = PBXBuildFile; fileRef = 81B4A3AE2B7E1D6F003C3F30 /* weatherData.json */; };
/* End PBXBuildFile section */

/* Begin PBXFileReference section */
		81B4A38C2B7DDF35003C3F30 /* WeatherApp.app */ = {isa = PBXFileReference; explicitFileType = wrapper.application; includeInIndex = 0; path = WeatherApp.app; sourceTree = BUILT_PRODUCTS_DIR; };
		81B4A38F2B7DDF35003C3F30 /* WeatherAppApp.swift */ = {isa = PBXFileReference; lastKnownFileType = sourcecode.swift; path = WeatherAppApp.swift; sourceTree = "<group>"; };
		81B4A3912B7DDF35003C3F30 /* ContentView.swift */ = {isa = PBXFileReference; lastKnownFileType = sourcecode.swift; path = ContentView.swift; sourceTree = "<group>"; };
		81B4A3932B7DDF36003C3F30 /* Assets.xcassets */ = {isa = PBXFileReference; lastKnownFileType = folder.assetcatalog; path = Assets.xcassets; sourceTree = "<group>"; };
		81B4A3962B7DDF36003C3F30 /* Preview Assets.xcassets */ = {isa = PBXFileReference; lastKnownFileType = folder.assetcatalog; path = "Preview Assets.xcassets"; sourceTree = "<group>"; };
		81B4A39E2B7DE344003C3F30 /* LocationManager.swift */ = {isa = PBXFileReference; lastKnownFileType = sourcecode.swift; path = LocationManager.swift; sourceTree = "<group>"; };
		81B4A3A12B7DE4DE003C3F30 /* WelcomeView.swift */ = {isa = PBXFileReference; lastKnownFileType = sourcecode.swift; path = WelcomeView.swift; sourceTree = "<group>"; };
		81B4A3A32B7DE85B003C3F30 /* LoadingView.swift */ = {isa = PBXFileReference; lastKnownFileType = sourcecode.swift; path = LoadingView.swift; sourceTree = "<group>"; };
		81B4A3A62B7DF763003C3F30 /* ApiSettings.swift */ = {isa = PBXFileReference; lastKnownFileType = sourcecode.swift; path = ApiSettings.swift; sourceTree = "<group>"; };
		81B4A3A82B7DF871003C3F30 /* WeatherManager.swift */ = {isa = PBXFileReference; lastKnownFileType = sourcecode.swift; path = WeatherManager.swift; sourceTree = "<group>"; };
		81B4A3AA2B7E1C32003C3F30 /* WeatherView.swift */ = {isa = PBXFileReference; lastKnownFileType = sourcecode.swift; path = WeatherView.swift; sourceTree = "<group>"; };
		81B4A3AC2B7E1C63003C3F30 /* ModelData.swift */ = {isa = PBXFileReference; lastKnownFileType = sourcecode.swift; path = ModelData.swift; sourceTree = "<group>"; };
		81B4A3AE2B7E1D6F003C3F30 /* weatherData.json */ = {isa = PBXFileReference; lastKnownFileType = text.json; path = weatherData.json; sourceTree = "<group>"; };
/* End PBXFileReference section */

/* Begin PBXFrameworksBuildPhase section */
		81B4A3892B7DDF35003C3F30 /* Frameworks */ = {
			isa = PBXFrameworksBuildPhase;
			buildActionMask = 2147483647;
			files = (
			);
			runOnlyForDeploymentPostprocessing = 0;
		};
/* End PBXFrameworksBuildPhase section */

/* Begin PBXGroup section */
		81B4A3832B7DDF35003C3F30 = {
			isa = PBXGroup;
			children = (
				81B4A38E2B7DDF35003C3F30 /* WeatherApp */,
				81B4A38D2B7DDF35003C3F30 /* Products */,
			);
			sourceTree = "<group>";
		};
		81B4A38D2B7DDF35003C3F30 /* Products */ = {
			isa = PBXGroup;
			children = (
				81B4A38C2B7DDF35003C3F30 /* WeatherApp.app */,
			);
			name = Products;
			sourceTree = "<group>";
		};
		81B4A38E2B7DDF35003C3F30 /* WeatherApp */ = {
			isa = PBXGroup;
			children = (
				81B4A3A52B7DF74F003C3F30 /* SupportingFiles */,
				81B4A3A02B7DE49B003C3F30 /* Views */,
				81B4A39D2B7DE335003C3F30 /* Managers */,
				81B4A38F2B7DDF35003C3F30 /* WeatherAppApp.swift */,
				81B4A3932B7DDF36003C3F30 /* Assets.xcassets */,
				81B4A3952B7DDF36003C3F30 /* Preview Content */,
			);
			path = WeatherApp;
			sourceTree = "<group>";
		};
		81B4A3952B7DDF36003C3F30 /* Preview Content */ = {
			isa = PBXGroup;
			children = (
				81B4A3962B7DDF36003C3F30 /* Preview Assets.xcassets */,
				81B4A3AC2B7E1C63003C3F30 /* ModelData.swift */,
				81B4A3AE2B7E1D6F003C3F30 /* weatherData.json */,
			);
			path = "Preview Content";
			sourceTree = "<group>";
		};
		81B4A39D2B7DE335003C3F30 /* Managers */ = {
			isa = PBXGroup;
			children = (
				81B4A39E2B7DE344003C3F30 /* LocationManager.swift */,
				81B4A3A82B7DF871003C3F30 /* WeatherManager.swift */,
			);
			path = Managers;
			sourceTree = "<group>";
		};
		81B4A3A02B7DE49B003C3F30 /* Views */ = {
			isa = PBXGroup;
			children = (
				81B4A3912B7DDF35003C3F30 /* ContentView.swift */,
				81B4A3A12B7DE4DE003C3F30 /* WelcomeView.swift */,
				81B4A3A32B7DE85B003C3F30 /* LoadingView.swift */,
				81B4A3AA2B7E1C32003C3F30 /* WeatherView.swift */,
			);
			path = Views;
			sourceTree = "<group>";
		};
		81B4A3A52B7DF74F003C3F30 /* SupportingFiles */ = {
			isa = PBXGroup;
			children = (
				81B4A3A62B7DF763003C3F30 /* ApiSettings.swift */,
			);
			path = SupportingFiles;
			sourceTree = "<group>";
		};
/* End PBXGroup section */

/* Begin PBXNativeTarget section */
		81B4A38B2B7DDF35003C3F30 /* WeatherApp */ = {
			isa = PBXNativeTarget;
			buildConfigurationList = 81B4A39A2B7DDF36003C3F30 /* Build configuration list for PBXNativeTarget "WeatherApp" */;
			buildPhases = (
				81B4A3882B7DDF35003C3F30 /* Sources */,
				81B4A3892B7DDF35003C3F30 /* Frameworks */,
				81B4A38A2B7DDF35003C3F30 /* Resources */,
			);
			buildRules = (
			);
			dependencies = (
			);
			name = WeatherApp;
			productName = WeatherApp;
			productReference = 81B4A38C2B7DDF35003C3F30 /* WeatherApp.app */;
			productType = "com.apple.product-type.application";
		};
/* End PBXNativeTarget section */

/* Begin PBXProject section */
		81B4A3842B7DDF35003C3F30 /* Project object */ = {
			isa = PBXProject;
			attributes = {
				BuildIndependentTargetsInParallel = 1;
				LastSwiftUpdateCheck = 1520;
				LastUpgradeCheck = 1520;
				TargetAttributes = {
					81B4A38B2B7DDF35003C3F30 = {
						CreatedOnToolsVersion = 15.2;
					};
				};
			};
			buildConfigurationList = 81B4A3872B7DDF35003C3F30 /* Build configuration list for PBXProject "WeatherApp" */;
			compatibilityVersion = "Xcode 14.0";
			developmentRegion = en;
			hasScannedForEncodings = 0;
			knownRegions = (
				en,
				Base,
			);
			mainGroup = 81B4A3832B7DDF35003C3F30;
			productRefGroup = 81B4A38D2B7DDF35003C3F30 /* Products */;
			projectDirPath = "";
			projectRoot = "";
			targets = (
				81B4A38B2B7DDF35003C3F30 /* WeatherApp */,
			);
		};
/* End PBXProject section */

/* Begin PBXResourcesBuildPhase section */
		81B4A38A2B7DDF35003C3F30 /* Resources */ = {
			isa = PBXResourcesBuildPhase;
			buildActionMask = 2147483647;
			files = (
				81B4A3972B7DDF36003C3F30 /* Preview Assets.xcassets in Resources */,
				81B4A3AF2B7E1D6F003C3F30 /* weatherData.json in Resources */,
				81B4A3942B7DDF36003C3F30 /* Assets.xcassets in Resources */,
			);
			runOnlyForDeploymentPostprocessing = 0;
		};
/* End PBXResourcesBuildPhase section */

/* Begin PBXSourcesBuildPhase section */
		81B4A3882B7DDF35003C3F30 /* Sources */ = {
			isa = PBXSourcesBuildPhase;
			buildActionMask = 2147483647;
			files = (
				81B4A3922B7DDF35003C3F30 /* ContentView.swift in Sources */,
				81B4A3902B7DDF35003C3F30 /* WeatherAppApp.swift in Sources */,
				81B4A3AD2B7E1C63003C3F30 /* ModelData.swift in Sources */,
				81B4A39F2B7DE344003C3F30 /* LocationManager.swift in Sources */,
				81B4A3A92B7DF871003C3F30 /* WeatherManager.swift in Sources */,
				81B4A3A72B7DF763003C3F30 /* ApiSettings.swift in Sources */,
				81B4A3A42B7DE85B003C3F30 /* LoadingView.swift in Sources */,
				81B4A3A22B7DE4DE003C3F30 /* WelcomeView.swift in Sources */,
				81B4A3AB2B7E1C32003C3F30 /* WeatherView.swift in Sources */,
			);
			runOnlyForDeploymentPostprocessing = 0;
		};
/* End PBXSourcesBuildPhase section */

/* Begin XCBuildConfiguration section */
		81B4A3982B7DDF36003C3F30 /* Debug */ = {
			isa = XCBuildConfiguration;
			buildSettings = {
				ALWAYS_SEARCH_USER_PATHS = NO;
				ASSETCATALOG_COMPILER_GENERATE_SWIFT_ASSET_SYMBOL_EXTENSIONS = YES;
				CLANG_ANALYZER_NONNULL = YES;
				CLANG_ANALYZER_NUMBER_OBJECT_CONVERSION = YES_AGGRESSIVE;
				CLANG_CXX_LANGUAGE_STANDARD = "gnu++20";
				CLANG_ENABLE_MODULES = YES;
				CLANG_ENABLE_OBJC_ARC = YES;
				CLANG_ENABLE_OBJC_WEAK = YES;
				CLANG_WARN_BLOCK_CAPTURE_AUTORELEASING = YES;
				CLANG_WARN_BOOL_CONVERSION = YES;
				CLANG_WARN_COMMA = YES;
				CLANG_WARN_CONSTANT_CONVERSION = YES;
				CLANG_WARN_DEPRECATED_OBJC_IMPLEMENTATIONS = YES;
				CLANG_WARN_DIRECT_OBJC_ISA_USAGE = YES_ERROR;
				CLANG_WARN_DOCUMENTATION_COMMENTS = YES;
				CLANG_WARN_EMPTY_BODY = YES;
				CLANG_WARN_ENUM_CONVERSION = YES;
				CLANG_WARN_INFINITE_RECURSION = YES;
				CLANG_WARN_INT_CONVERSION = YES;
				CLANG_WARN_NON_LITERAL_NULL_CONVERSION = YES;
				CLANG_WARN_OBJC_IMPLICIT_RETAIN_SELF = YES;
				CLANG_WARN_OBJC_LITERAL_CONVERSION = YES;
				CLANG_WARN_OBJC_ROOT_CLASS = YES_ERROR;
				CLANG_WARN_QUOTED_INCLUDE_IN_FRAMEWORK_HEADER = YES;
				CLANG_WARN_RANGE_LOOP_ANALYSIS = YES;
				CLANG_WARN_STRICT_PROTOTYPES = YES;
				CLANG_WARN_SUSPICIOUS_MOVE = YES;
				CLANG_WARN_UNGUARDED_AVAILABILITY = YES_AGGRESSIVE;
				CLANG_WARN_UNREACHABLE_CODE = YES;
				CLANG_WARN__DUPLICATE_METHOD_MATCH = YES;
				COPY_PHASE_STRIP = NO;
				DEBUG_INFORMATION_FORMAT = dwarf;
				ENABLE_STRICT_OBJC_MSGSEND = YES;
				ENABLE_TESTABILITY = YES;
				ENABLE_USER_SCRIPT_SANDBOXING = YES;
				GCC_C_LANGUAGE_STANDARD = gnu17;
				GCC_DYNAMIC_NO_PIC = NO;
				GCC_NO_COMMON_BLOCKS = YES;
				GCC_OPTIMIZATION_LEVEL = 0;
				GCC_PREPROCESSOR_DEFINITIONS = (
					"DEBUG=1",
					"$(inherited)",
				);
				GCC_WARN_64_TO_32_BIT_CONVERSION = YES;
				GCC_WARN_ABOUT_RETURN_TYPE = YES_ERROR;
				GCC_WARN_UNDECLARED_SELECTOR = YES;
				GCC_WARN_UNINITIALIZED_AUTOS = YES_AGGRESSIVE;
				GCC_WARN_UNUSED_FUNCTION = YES;
				GCC_WARN_UNUSED_VARIABLE = YES;
				IPHONEOS_DEPLOYMENT_TARGET = 17.2;
				LOCALIZATION_PREFERS_STRING_CATALOGS = YES;
				MTL_ENABLE_DEBUG_INFO = INCLUDE_SOURCE;
				MTL_FAST_MATH = YES;
				ONLY_ACTIVE_ARCH = YES;
				SDKROOT = iphoneos;
				SWIFT_ACTIVE_COMPILATION_CONDITIONS = "DEBUG $(inherited)";
				SWIFT_OPTIMIZATION_LEVEL = "-Onone";
			};
			name = Debug;
		};
		81B4A3992B7DDF36003C3F30 /* Release */ = {
			isa = XCBuildConfiguration;
			buildSettings = {
				ALWAYS_SEARCH_USER_PATHS = NO;
				ASSETCATALOG_COMPILER_GENERATE_SWIFT_ASSET_SYMBOL_EXTENSIONS = YES;
				CLANG_ANALYZER_NONNULL = YES;
				CLANG_ANALYZER_NUMBER_OBJECT_CONVERSION = YES_AGGRESSIVE;
				CLANG_CXX_LANGUAGE_STANDARD = "gnu++20";
				CLANG_ENABLE_MODULES = YES;
				CLANG_ENABLE_OBJC_ARC = YES;
				CLANG_ENABLE_OBJC_WEAK = YES;
				CLANG_WARN_BLOCK_CAPTURE_AUTORELEASING = YES;
				CLANG_WARN_BOOL_CONVERSION = YES;
				CLANG_WARN_COMMA = YES;
				CLANG_WARN_CONSTANT_CONVERSION = YES;
				CLANG_WARN_DEPRECATED_OBJC_IMPLEMENTATIONS = YES;
				CLANG_WARN_DIRECT_OBJC_ISA_USAGE = YES_ERROR;
				CLANG_WARN_DOCUMENTATION_COMMENTS = YES;
				CLANG_WARN_EMPTY_BODY = YES;
				CLANG_WARN_ENUM_CONVERSION = YES;
				CLANG_WARN_INFINITE_RECURSION = YES;
				CLANG_WARN_INT_CONVERSION = YES;
				CLANG_WARN_NON_LITERAL_NULL_CONVERSION = YES;
				CLANG_WARN_OBJC_IMPLICIT_RETAIN_SELF = YES;
				CLANG_WARN_OBJC_LITERAL_CONVERSION = YES;
				CLANG_WARN_OBJC_ROOT_CLASS = YES_ERROR;
				CLANG_WARN_QUOTED_INCLUDE_IN_FRAMEWORK_HEADER = YES;
				CLANG_WARN_RANGE_LOOP_ANALYSIS = YES;
				CLANG_WARN_STRICT_PROTOTYPES = YES;
				CLANG_WARN_SUSPICIOUS_MOVE = YES;
				CLANG_WARN_UNGUARDED_AVAILABILITY = YES_AGGRESSIVE;
				CLANG_WARN_UNREACHABLE_CODE = YES;
				CLANG_WARN__DUPLICATE_METHOD_MATCH = YES;
				COPY_PHASE_STRIP = NO;
				DEBUG_INFORMATION_FORMAT = "dwarf-with-dsym";
				ENABLE_NS_ASSERTIONS = NO;
				ENABLE_STRICT_OBJC_MSGSEND = YES;
				ENABLE_USER_SCRIPT_SANDBOXING = YES;
				GCC_C_LANGUAGE_STANDARD = gnu17;
				GCC_NO_COMMON_BLOCKS = YES;
				GCC_WARN_64_TO_32_BIT_CONVERSION = YES;
				GCC_WARN_ABOUT_RETURN_TYPE = YES_ERROR;
				GCC_WARN_UNDECLARED_SELECTOR = YES;
				GCC_WARN_UNINITIALIZED_AUTOS = YES_AGGRESSIVE;
				GCC_WARN_UNUSED_FUNCTION = YES;
				GCC_WARN_UNUSED_VARIABLE = YES;
				IPHONEOS_DEPLOYMENT_TARGET = 17.2;
				LOCALIZATION_PREFERS_STRING_CATALOGS = YES;
				MTL_ENABLE_DEBUG_INFO = NO;
				MTL_FAST_MATH = YES;
				SDKROOT = iphoneos;
				SWIFT_COMPILATION_MODE = wholemodule;
				VALIDATE_PRODUCT = YES;
			};
			name = Release;
		};
		81B4A39B2B7DDF36003C3F30 /* Debug */ = {
			isa = XCBuildConfiguration;
			buildSettings = {
				ASSETCATALOG_COMPILER_APPICON_NAME = AppIcon;
				ASSETCATALOG_COMPILER_GLOBAL_ACCENT_COLOR_NAME = AccentColor;
				CODE_SIGN_STYLE = Automatic;
				CURRENT_PROJECT_VERSION = 1;
				DEVELOPMENT_ASSET_PATHS = "\"WeatherApp/Preview Content\"";
				DEVELOPMENT_TEAM = H7M7SRPDZY;
				ENABLE_PREVIEWS = YES;
				GENERATE_INFOPLIST_FILE = YES;
				INFOPLIST_KEY_UIApplicationSceneManifest_Generation = YES;
				INFOPLIST_KEY_UIApplicationSupportsIndirectInputEvents = YES;
				INFOPLIST_KEY_UILaunchScreen_Generation = YES;
				INFOPLIST_KEY_UISupportedInterfaceOrientations = "UIInterfaceOrientationLandscapeLeft UIInterfaceOrientationLandscapeRight UIInterfaceOrientationPortrait";
				INFOPLIST_KEY_UISupportedInterfaceOrientations_iPad = "UIInterfaceOrientationLandscapeLeft UIInterfaceOrientationLandscapeRight UIInterfaceOrientationPortrait UIInterfaceOrientationPortraitUpsideDown";
				IPHONEOS_DEPLOYMENT_TARGET = 15.0;
				LD_RUNPATH_SEARCH_PATHS = (
					"$(inherited)",
					"@executable_path/Frameworks",
				);
				MARKETING_VERSION = 1.0;
				PRODUCT_BUNDLE_IDENTIFIER = com.bartugkaancelebi.WeatherApp;
				PRODUCT_NAME = "$(TARGET_NAME)";
				SWIFT_EMIT_LOC_STRINGS = YES;
				SWIFT_VERSION = 5.0;
				TARGETED_DEVICE_FAMILY = "1,2";
			};
			name = Debug;
		};
		81B4A39C2B7DDF36003C3F30 /* Release */ = {
			isa = XCBuildConfiguration;
			buildSettings = {
				ASSETCATALOG_COMPILER_APPICON_NAME = AppIcon;
				ASSETCATALOG_COMPILER_GLOBAL_ACCENT_COLOR_NAME = AccentColor;
				CODE_SIGN_STYLE = Automatic;
				CURRENT_PROJECT_VERSION = 1;
				DEVELOPMENT_ASSET_PATHS = "\"WeatherApp/Preview Content\"";
				DEVELOPMENT_TEAM = H7M7SRPDZY;
				ENABLE_PREVIEWS = YES;
				GENERATE_INFOPLIST_FILE = YES;
				INFOPLIST_KEY_UIApplicationSceneManifest_Generation = YES;
				INFOPLIST_KEY_UIApplicationSupportsIndirectInputEvents = YES;
				INFOPLIST_KEY_UILaunchScreen_Generation = YES;
				INFOPLIST_KEY_UISupportedInterfaceOrientations = "UIInterfaceOrientationLandscapeLeft UIInterfaceOrientationLandscapeRight UIInterfaceOrientationPortrait";
				INFOPLIST_KEY_UISupportedInterfaceOrientations_iPad = "UIInterfaceOrientationLandscapeLeft UIInterfaceOrientationLandscapeRight UIInterfaceOrientationPortrait UIInterfaceOrientationPortraitUpsideDown";
				IPHONEOS_DEPLOYMENT_TARGET = 15.0;
				LD_RUNPATH_SEARCH_PATHS = (
					"$(inherited)",
					"@executable_path/Frameworks",
				);
				MARKETING_VERSION = 1.0;
				PRODUCT_BUNDLE_IDENTIFIER = com.bartugkaancelebi.WeatherApp;
				PRODUCT_NAME = "$(TARGET_NAME)";
				SWIFT_EMIT_LOC_STRINGS = YES;
				SWIFT_VERSION = 5.0;
				TARGETED_DEVICE_FAMILY = "1,2";
			};
			name = Release;
		};
/* End XCBuildConfiguration section */

/* Begin XCConfigurationList section */
		81B4A3872B7DDF35003C3F30 /* Build configuration list for PBXProject "WeatherApp" */ = {
			isa = XCConfigurationList;
			buildConfigurations = (
				81B4A3982B7DDF36003C3F30 /* Debug */,
				81B4A3992B7DDF36003C3F30 /* Release */,
			);
			defaultConfigurationIsVisible = 0;
			defaultConfigurationName = Release;
		};
		81B4A39A2B7DDF36003C3F30 /* Build configuration list for PBXNativeTarget "WeatherApp" */ = {
			isa = XCConfigurationList;
			buildConfigurations = (
				81B4A39B2B7DDF36003C3F30 /* Debug */,
				81B4A39C2B7DDF36003C3F30 /* Release */,
			);
			defaultConfigurationIsVisible = 0;
			defaultConfigurationName = Release;
		};
/* End XCConfigurationList section */
	};
	rootObject = 81B4A3842B7DDF35003C3F30 /* Project object */;
}
